
Microsoft Visual Studio Solution File, Format Version 12.00
# Visual Studio Version 17
VisualStudioVersion = 17.7.34202.233
MinimumVisualStudioVersion = 10.0.40219.1
Project("{FAE04EC0-301F-11D3-BF4B-00C04F79EFBC}") = "CSCI363_TeamJDM_project", "CSCI363_TeamJDM_project.csproj", "{F7D7B0A9-BFF3-4F25-B241-787C1A3ABD8E}"
EndProject
Global
	GlobalSection(SolutionConfigurationPlatforms) = preSolution
		Debug|Any CPU = Debug|Any CPU
		Release|Any CPU = Release|Any CPU
	EndGlobalSection
	GlobalSection(ProjectConfigurationPlatforms) = postSolution
		{F7D7B0A9-BFF3-4F25-B241-787C1A3ABD8E}.Debug|Any CPU.ActiveCfg = Debug|Any CPU
		{F7D7B0A9-BFF3-4F25-B241-787C1A3ABD8E}.Debug|Any CPU.Build.0 = Debug|Any CPU
		{F7D7B0A9-BFF3-4F25-B241-787C1A3ABD8E}.Release|Any CPU.ActiveCfg = Release|Any CPU
		{F7D7B0A9-BFF3-4F25-B241-787C1A3ABD8E}.Release|Any CPU.Build.0 = Release|Any CPU
	EndGlobalSection
	GlobalSection(SolutionProperties) = preSolution
		HideSolutionNode = FALSE
	EndGlobalSection
	GlobalSection(ExtensibilityGlobals) = postSolution
		SolutionGuid = {42C5F6F8-C77F-4A4D-A149-5F47942E2890}
	EndGlobalSection
EndGlobal
